// !$*UTF8*$!
{
	archiveVersion = 1;
	classes = {
	};
	objectVersion = 50;
	objects = {

/* Begin PBXBuildFile section */
		9B16CF5421AD053400CCD83F /* AppDelegate.swift in Sources */ = {isa = PBXBuildFile; fileRef = 9B16CF5321AD053400CCD83F /* AppDelegate.swift */; };
		9B16CF5621AD053400CCD83F /* ViewController.swift in Sources */ = {isa = PBXBuildFile; fileRef = 9B16CF5521AD053400CCD83F /* ViewController.swift */; };
		9B16CF5921AD053400CCD83F /* Main.storyboard in Resources */ = {isa = PBXBuildFile; fileRef = 9B16CF5721AD053400CCD83F /* Main.storyboard */; };
		9B16CF5B21AD053800CCD83F /* Assets.xcassets in Resources */ = {isa = PBXBuildFile; fileRef = 9B16CF5A21AD053800CCD83F /* Assets.xcassets */; };
		9B16CF5E21AD053800CCD83F /* LaunchScreen.storyboard in Resources */ = {isa = PBXBuildFile; fileRef = 9B16CF5C21AD053800CCD83F /* LaunchScreen.storyboard */; };
		9B16CF6921AD053800CCD83F /* First_ProjectTests.swift in Sources */ = {isa = PBXBuildFile; fileRef = 9B16CF6821AD053800CCD83F /* First_ProjectTests.swift */; };
		9B16CF7421AD053800CCD83F /* First_ProjectUITests.swift in Sources */ = {isa = PBXBuildFile; fileRef = 9B16CF7321AD053800CCD83F /* First_ProjectUITests.swift */; };
/* End PBXBuildFile section */

/* Begin PBXContainerItemProxy section */
		9B16CF6521AD053800CCD83F /* PBXContainerItemProxy */ = {
			isa = PBXContainerItemProxy;
			containerPortal = 9B16CF4821AD053300CCD83F /* Project object */;
			proxyType = 1;
			remoteGlobalIDString = 9B16CF4F21AD053400CCD83F;
			remoteInfo = "First Project";
		};
		9B16CF7021AD053800CCD83F /* PBXContainerItemProxy */ = {
			isa = PBXContainerItemProxy;
			containerPortal = 9B16CF4821AD053300CCD83F /* Project object */;
			proxyType = 1;
			remoteGlobalIDString = 9B16CF4F21AD053400CCD83F;
			remoteInfo = "First Project";
		};
/* End PBXContainerItemProxy section */

/* Begin PBXFileReference section */
		9B16CF5021AD053400CCD83F /* First Project.app */ = {isa = PBXFileReference; explicitFileType = wrapper.application; includeInIndex = 0; path = "First Project.app"; sourceTree = BUILT_PRODUCTS_DIR; };
		9B16CF5321AD053400CCD83F /* AppDelegate.swift */ = {isa = PBXFileReference; lastKnownFileType = sourcecode.swift; path = AppDelegate.swift; sourceTree = "<group>"; };
		9B16CF5521AD053400CCD83F /* ViewController.swift */ = {isa = PBXFileReference; lastKnownFileType = sourcecode.swift; path = ViewController.swift; sourceTree = "<group>"; };
		9B16CF5821AD053400CCD83F /* Base */ = {isa = PBXFileReference; lastKnownFileType = file.storyboard; name = Base; path = Base.lproj/Main.storyboard; sourceTree = "<group>"; };
		9B16CF5A21AD053800CCD83F /* Assets.xcassets */ = {isa = PBXFileReference; lastKnownFileType = folder.assetcatalog; path = Assets.xcassets; sourceTree = "<group>"; };
		9B16CF5D21AD053800CCD83F /* Base */ = {isa = PBXFileReference; lastKnownFileType = file.storyboard; name = Base; path = Base.lproj/LaunchScreen.storyboard; sourceTree = "<group>"; };
		9B16CF5F21AD053800CCD83F /* Info.plist */ = {isa = PBXFileReference; lastKnownFileType = text.plist.xml; path = Info.plist; sourceTree = "<group>"; };
		9B16CF6421AD053800CCD83F /* First ProjectTests.xctest */ = {isa = PBXFileReference; explicitFileType = wrapper.cfbundle; includeInIndex = 0; path = "First ProjectTests.xctest"; sourceTree = BUILT_PRODUCTS_DIR; };
		9B16CF6821AD053800CCD83F /* First_ProjectTests.swift */ = {isa = PBXFileReference; lastKnownFileType = sourcecode.swift; path = First_ProjectTests.swift; sourceTree = "<group>"; };
		9B16CF6A21AD053800CCD83F /* Info.plist */ = {isa = PBXFileReference; lastKnownFileType = text.plist.xml; path = Info.plist; sourceTree = "<group>"; };
		9B16CF6F21AD053800CCD83F /* First ProjectUITests.xctest */ = {isa = PBXFileReference; explicitFileType = wrapper.cfbundle; includeInIndex = 0; path = "First ProjectUITests.xctest"; sourceTree = BUILT_PRODUCTS_DIR; };
		9B16CF7321AD053800CCD83F /* First_ProjectUITests.swift */ = {isa = PBXFileReference; lastKnownFileType = sourcecode.swift; path = First_ProjectUITests.swift; sourceTree = "<group>"; };
		9B16CF7521AD053800CCD83F /* Info.plist */ = {isa = PBXFileReference; lastKnownFileType = text.plist.xml; path = Info.plist; sourceTree = "<group>"; };
/* End PBXFileReference section */

/* Begin PBXFrameworksBuildPhase section */
		9B16CF4D21AD053400CCD83F /* Frameworks */ = {
			isa = PBXFrameworksBuildPhase;
			buildActionMask = 2147483647;
			files = (
			);
			runOnlyForDeploymentPostprocessing = 0;
		};
		9B16CF6121AD053800CCD83F /* Frameworks */ = {
			isa = PBXFrameworksBuildPhase;
			buildActionMask = 2147483647;
			files = (
			);
			runOnlyForDeploymentPostprocessing = 0;
		};
		9B16CF6C21AD053800CCD83F /* Frameworks */ = {
			isa = PBXFrameworksBuildPhase;
			buildActionMask = 2147483647;
			files = (
			);
			runOnlyForDeploymentPostprocessing = 0;
		};
/* End PBXFrameworksBuildPhase section */

/* Begin PBXGroup section */
		9B16CF4721AD053300CCD83F = {
			isa = PBXGroup;
			children = (
				9B16CF5221AD053400CCD83F /* First Project */,
				9B16CF6721AD053800CCD83F /* First ProjectTests */,
				9B16CF7221AD053800CCD83F /* First ProjectUITests */,
				9B16CF5121AD053400CCD83F /* Products */,
			);
			sourceTree = "<group>";
		};
		9B16CF5121AD053400CCD83F /* Products */ = {
			isa = PBXGroup;
			children = (
				9B16CF5021AD053400CCD83F /* First Project.app */,
				9B16CF6421AD053800CCD83F /* First ProjectTests.xctest */,
				9B16CF6F21AD053800CCD83F /* First ProjectUITests.xctest */,
			);
			name = Products;
			sourceTree = "<group>";
		};
		9B16CF5221AD053400CCD83F /* First Project */ = {
			isa = PBXGroup;
			children = (
				9B16CF5321AD053400CCD83F /* AppDelegate.swift */,
				9B16CF5521AD053400CCD83F /* ViewController.swift */,
				9B16CF5721AD053400CCD83F /* Main.storyboard */,
				9B16CF5A21AD053800CCD83F /* Assets.xcassets */,
				9B16CF5C21AD053800CCD83F /* LaunchScreen.storyboard */,
				9B16CF5F21AD053800CCD83F /* Info.plist */,
			);
			path = "First Project";
			sourceTree = "<group>";
		};
		9B16CF6721AD053800CCD83F /* First ProjectTests */ = {
			isa = PBXGroup;
			children = (
				9B16CF6821AD053800CCD83F /* First_ProjectTests.swift */,
				9B16CF6A21AD053800CCD83F /* Info.plist */,
			);
			path = "First ProjectTests";
			sourceTree = "<group>";
		};
		9B16CF7221AD053800CCD83F /* First ProjectUITests */ = {
			isa = PBXGroup;
			children = (
				9B16CF7321AD053800CCD83F /* First_ProjectUITests.swift */,
				9B16CF7521AD053800CCD83F /* Info.plist */,
			);
			path = "First ProjectUITests";
			sourceTree = "<group>";
		};
/* End PBXGroup section */

/* Begin PBXNativeTarget section */
		9B16CF4F21AD053400CCD83F /* First Project */ = {
			isa = PBXNativeTarget;
			buildConfigurationList = 9B16CF7821AD053800CCD83F /* Build configuration list for PBXNativeTarget "First Project" */;
			buildPhases = (
				9B16CF4C21AD053400CCD83F /* Sources */,
				9B16CF4D21AD053400CCD83F /* Frameworks */,
				9B16CF4E21AD053400CCD83F /* Resources */,
			);
			buildRules = (
			);
			dependencies = (
			);
			name = "First Project";
			productName = "First Project";
			productReference = 9B16CF5021AD053400CCD83F /* First Project.app */;
			productType = "com.apple.product-type.application";
		};
		9B16CF6321AD053800CCD83F /* First ProjectTests */ = {
			isa = PBXNativeTarget;
			buildConfigurationList = 9B16CF7B21AD053800CCD83F /* Build configuration list for PBXNativeTarget "First ProjectTests" */;
			buildPhases = (
				9B16CF6021AD053800CCD83F /* Sources */,
				9B16CF6121AD053800CCD83F /* Frameworks */,
				9B16CF6221AD053800CCD83F /* Resources */,
			);
			buildRules = (
			);
			dependencies = (
				9B16CF6621AD053800CCD83F /* PBXTargetDependency */,
			);
			name = "First ProjectTests";
			productName = "First ProjectTests";
			productReference = 9B16CF6421AD053800CCD83F /* First ProjectTests.xctest */;
			productType = "com.apple.product-type.bundle.unit-test";
		};
		9B16CF6E21AD053800CCD83F /* First ProjectUITests */ = {
			isa = PBXNativeTarget;
			buildConfigurationList = 9B16CF7E21AD053800CCD83F /* Build configuration list for PBXNativeTarget "First ProjectUITests" */;
			buildPhases = (
				9B16CF6B21AD053800CCD83F /* Sources */,
				9B16CF6C21AD053800CCD83F /* Frameworks */,
				9B16CF6D21AD053800CCD83F /* Resources */,
			);
			buildRules = (
			);
			dependencies = (
				9B16CF7121AD053800CCD83F /* PBXTargetDependency */,
			);
			name = "First ProjectUITests";
			productName = "First ProjectUITests";
			productReference = 9B16CF6F21AD053800CCD83F /* First ProjectUITests.xctest */;
			productType = "com.apple.product-type.bundle.ui-testing";
		};
/* End PBXNativeTarget section */

/* Begin PBXProject section */
		9B16CF4821AD053300CCD83F /* Project object */ = {
			isa = PBXProject;
			attributes = {
				LastSwiftUpdateCheck = 1010;
				LastUpgradeCheck = 1010;
				ORGANIZATIONNAME = "Lee Formento";
				TargetAttributes = {
					9B16CF4F21AD053400CCD83F = {
						CreatedOnToolsVersion = 10.1;
					};
					9B16CF6321AD053800CCD83F = {
						CreatedOnToolsVersion = 10.1;
						TestTargetID = 9B16CF4F21AD053400CCD83F;
					};
					9B16CF6E21AD053800CCD83F = {
						CreatedOnToolsVersion = 10.1;
						TestTargetID = 9B16CF4F21AD053400CCD83F;
					};
				};
			};
			buildConfigurationList = 9B16CF4B21AD053300CCD83F /* Build configuration list for PBXProject "First Project" */;
			compatibilityVersion = "Xcode 9.3";
			developmentRegion = en;
			hasScannedForEncodings = 0;
			knownRegions = (
				en,
				Base,
			);
			mainGroup = 9B16CF4721AD053300CCD83F;
			productRefGroup = 9B16CF5121AD053400CCD83F /* Products */;
			projectDirPath = "";
			projectRoot = "";
			targets = (
				9B16CF4F21AD053400CCD83F /* First Project */,
				9B16CF6321AD053800CCD83F /* First ProjectTests */,
				9B16CF6E21AD053800CCD83F /* First ProjectUITests */,
			);
		};
/* End PBXProject section */

/* Begin PBXResourcesBuildPhase section */
		9B16CF4E21AD053400CCD83F /* Resources */ = {
			isa = PBXResourcesBuildPhase;
			buildActionMask = 2147483647;
			files = (
				9B16CF5E21AD053800CCD83F /* LaunchScreen.storyboard in Resources */,
				9B16CF5B21AD053800CCD83F /* Assets.xcassets in Resources */,
				9B16CF5921AD053400CCD83F /* Main.storyboard in Resources */,
			);
			runOnlyForDeploymentPostprocessing = 0;
		};
		9B16CF6221AD053800CCD83F /* Resources */ = {
			isa = PBXResourcesBuildPhase;
			buildActionMask = 2147483647;
			files = (
			);
			runOnlyForDeploymentPostprocessing = 0;
		};
		9B16CF6D21AD053800CCD83F /* Resources */ = {
			isa = PBXResourcesBuildPhase;
			buildActionMask = 2147483647;
			files = (
			);
			runOnlyForDeploymentPostprocessing = 0;
		};
/* End PBXResourcesBuildPhase section */

/* Begin PBXSourcesBuildPhase section */
		9B16CF4C21AD053400CCD83F /* Sources */ = {
			isa = PBXSourcesBuildPhase;
			buildActionMask = 2147483647;
			files = (
				9B16CF5621AD053400CCD83F /* ViewController.swift in Sources */,
				9B16CF5421AD053400CCD83F /* AppDelegate.swift in Sources */,
			);
			runOnlyForDeploymentPostprocessing = 0;
		};
		9B16CF6021AD053800CCD83F /* Sources */ = {
			isa = PBXSourcesBuildPhase;
			buildActionMask = 2147483647;
			files = (
				9B16CF6921AD053800CCD83F /* First_ProjectTests.swift in Sources */,
			);
			runOnlyForDeploymentPostprocessing = 0;
		};
		9B16CF6B21AD053800CCD83F /* Sources */ = {
			isa = PBXSourcesBuildPhase;
			buildActionMask = 2147483647;
			files = (
				9B16CF7421AD053800CCD83F /* First_ProjectUITests.swift in Sources */,
			);
			runOnlyForDeploymentPostprocessing = 0;
		};
/* End PBXSourcesBuildPhase section */

/* Begin PBXTargetDependency section */
		9B16CF6621AD053800CCD83F /* PBXTargetDependency */ = {
			isa = PBXTargetDependency;
			target = 9B16CF4F21AD053400CCD83F /* First Project */;
			targetProxy = 9B16CF6521AD053800CCD83F /* PBXContainerItemProxy */;
		};
		9B16CF7121AD053800CCD83F /* PBXTargetDependency */ = {
			isa = PBXTargetDependency;
			target = 9B16CF4F21AD053400CCD83F /* First Project */;
			targetProxy = 9B16CF7021AD053800CCD83F /* PBXContainerItemProxy */;
		};
/* End PBXTargetDependency section */

/* Begin PBXVariantGroup section */
		9B16CF5721AD053400CCD83F /* Main.storyboard */ = {
			isa = PBXVariantGroup;
			children = (
				9B16CF5821AD053400CCD83F /* Base */,
			);
			name = Main.storyboard;
			sourceTree = "<group>";
		};
		9B16CF5C21AD053800CCD83F /* LaunchScreen.storyboard */ = {
			isa = PBXVariantGroup;
			children = (
				9B16CF5D21AD053800CCD83F /* Base */,
			);
			name = LaunchScreen.storyboard;
			sourceTree = "<group>";
		};
/* End PBXVariantGroup section */

/* Begin XCBuildConfiguration section */
		9B16CF7621AD053800CCD83F /* Debug */ = {
			isa = XCBuildConfiguration;
			buildSettings = {
				ALWAYS_SEARCH_USER_PATHS = NO;
				CLANG_ANALYZER_NONNULL = YES;
				CLANG_ANALYZER_NUMBER_OBJECT_CONVERSION = YES_AGGRESSIVE;
				CLANG_CXX_LANGUAGE_STANDARD = "gnu++14";
				CLANG_CXX_LIBRARY = "libc++";
				CLANG_ENABLE_MODULES = YES;
				CLANG_ENABLE_OBJC_ARC = YES;
				CLANG_ENABLE_OBJC_WEAK = YES;
				CLANG_WARN_BLOCK_CAPTURE_AUTORELEASING = YES;
				CLANG_WARN_BOOL_CONVERSION = YES;
				CLANG_WARN_COMMA = YES;
				CLANG_WARN_CONSTANT_CONVERSION = YES;
				CLANG_WARN_DEPRECATED_OBJC_IMPLEMENTATIONS = YES;
				CLANG_WARN_DIRECT_OBJC_ISA_USAGE = YES_ERROR;
				CLANG_WARN_DOCUMENTATION_COMMENTS = YES;
				CLANG_WARN_EMPTY_BODY = YES;
				CLANG_WARN_ENUM_CONVERSION = YES;
				CLANG_WARN_INFINITE_RECURSION = YES;
				CLANG_WARN_INT_CONVERSION = YES;
				CLANG_WARN_NON_LITERAL_NULL_CONVERSION = YES;
				CLANG_WARN_OBJC_IMPLICIT_RETAIN_SELF = YES;
				CLANG_WARN_OBJC_LITERAL_CONVERSION = YES;
				CLANG_WARN_OBJC_ROOT_CLASS = YES_ERROR;
				CLANG_WARN_RANGE_LOOP_ANALYSIS = YES;
				CLANG_WARN_STRICT_PROTOTYPES = YES;
				CLANG_WARN_SUSPICIOUS_MOVE = YES;
				CLANG_WARN_UNGUARDED_AVAILABILITY = YES_AGGRESSIVE;
				CLANG_WARN_UNREACHABLE_CODE = YES;
				CLANG_WARN__DUPLICATE_METHOD_MATCH = YES;
				CODE_SIGN_IDENTITY = "iPhone Developer";
				COPY_PHASE_STRIP = NO;
				DEBUG_INFORMATION_FORMAT = dwarf;
				ENABLE_STRICT_OBJC_MSGSEND = YES;
				ENABLE_TESTABILITY = YES;
				GCC_C_LANGUAGE_STANDARD = gnu11;
				GCC_DYNAMIC_NO_PIC = NO;
				GCC_NO_COMMON_BLOCKS = YES;
				GCC_OPTIMIZATION_LEVEL = 0;
				GCC_PREPROCESSOR_DEFINITIONS = (
					"DEBUG=1",
					"$(inherited)",
				);
				GCC_WARN_64_TO_32_BIT_CONVERSION = YES;
				GCC_WARN_ABOUT_RETURN_TYPE = YES_ERROR;
				GCC_WARN_UNDECLARED_SELECTOR = YES;
				GCC_WARN_UNINITIALIZED_AUTOS = YES_AGGRESSIVE;
				GCC_WARN_UNUSED_FUNCTION = YES;
				GCC_WARN_UNUSED_VARIABLE = YES;
				IPHONEOS_DEPLOYMENT_TARGET = 12.1;
				MTL_ENABLE_DEBUG_INFO = INCLUDE_SOURCE;
				MTL_FAST_MATH = YES;
				ONLY_ACTIVE_ARCH = YES;
				SDKROOT = iphoneos;
				SWIFT_ACTIVE_COMPILATION_CONDITIONS = DEBUG;
				SWIFT_OPTIMIZATION_LEVEL = "-Onone";
			};
			name = Debug;
		};
		9B16CF7721AD053800CCD83F /* Release */ = {
			isa = XCBuildConfiguration;
			buildSettings = {
				ALWAYS_SEARCH_USER_PATHS = NO;
				CLANG_ANALYZER_NONNULL = YES;
				CLANG_ANALYZER_NUMBER_OBJECT_CONVERSION = YES_AGGRESSIVE;
				CLANG_CXX_LANGUAGE_STANDARD = "gnu++14";
				CLANG_CXX_LIBRARY = "libc++";
				CLANG_ENABLE_MODULES = YES;
				CLANG_ENABLE_OBJC_ARC = YES;
				CLANG_ENABLE_OBJC_WEAK = YES;
				CLANG_WARN_BLOCK_CAPTURE_AUTORELEASING = YES;
				CLANG_WARN_BOOL_CONVERSION = YES;
				CLANG_WARN_COMMA = YES;
				CLANG_WARN_CONSTANT_CONVERSION = YES;
				CLANG_WARN_DEPRECATED_OBJC_IMPLEMENTATIONS = YES;
				CLANG_WARN_DIRECT_OBJC_ISA_USAGE = YES_ERROR;
				CLANG_WARN_DOCUMENTATION_COMMENTS = YES;
				CLANG_WARN_EMPTY_BODY = YES;
				CLANG_WARN_ENUM_CONVERSION = YES;
				CLANG_WARN_INFINITE_RECURSION = YES;
				CLANG_WARN_INT_CONVERSION = YES;
				CLANG_WARN_NON_LITERAL_NULL_CONVERSION = YES;
				CLANG_WARN_OBJC_IMPLICIT_RETAIN_SELF = YES;
				CLANG_WARN_OBJC_LITERAL_CONVERSION = YES;
				CLANG_WARN_OBJC_ROOT_CLASS = YES_ERROR;
				CLANG_WARN_RANGE_LOOP_ANALYSIS = YES;
				CLANG_WARN_STRICT_PROTOTYPES = YES;
				CLANG_WARN_SUSPICIOUS_MOVE = YES;
				CLANG_WARN_UNGUARDED_AVAILABILITY = YES_AGGRESSIVE;
				CLANG_WARN_UNREACHABLE_CODE = YES;
				CLANG_WARN__DUPLICATE_METHOD_MATCH = YES;
				CODE_SIGN_IDENTITY = "iPhone Developer";
				COPY_PHASE_STRIP = NO;
				DEBUG_INFORMATION_FORMAT = "dwarf-with-dsym";
				ENABLE_NS_ASSERTIONS = NO;
				ENABLE_STRICT_OBJC_MSGSEND = YES;
				GCC_C_LANGUAGE_STANDARD = gnu11;
				GCC_NO_COMMON_BLOCKS = YES;
				GCC_WARN_64_TO_32_BIT_CONVERSION = YES;
				GCC_WARN_ABOUT_RETURN_TYPE = YES_ERROR;
				GCC_WARN_UNDECLARED_SELECTOR = YES;
				GCC_WARN_UNINITIALIZED_AUTOS = YES_AGGRESSIVE;
				GCC_WARN_UNUSED_FUNCTION = YES;
				GCC_WARN_UNUSED_VARIABLE = YES;
				IPHONEOS_DEPLOYMENT_TARGET = 12.1;
				MTL_ENABLE_DEBUG_INFO = NO;
				MTL_FAST_MATH = YES;
				SDKROOT = iphoneos;
				SWIFT_COMPILATION_MODE = wholemodule;
				SWIFT_OPTIMIZATION_LEVEL = "-O";
				VALIDATE_PRODUCT = YES;
			};
			name = Release;
		};
		9B16CF7921AD053800CCD83F /* Debug */ = {
			isa = XCBuildConfiguration;
			buildSettings = {
				ASSETCATALOG_COMPILER_APPICON_NAME = AppIcon;
				CODE_SIGN_STYLE = Automatic;
				DEVELOPMENT_TEAM = VG4FH43QKX;
				INFOPLIST_FILE = "First Project/Info.plist";
				LD_RUNPATH_SEARCH_PATHS = (
					"$(inherited)",
					"@executable_path/Frameworks",
				);
				PRODUCT_BUNDLE_IDENTIFIER = "com.leelelelellele.First-Project";
				PRODUCT_NAME = "$(TARGET_NAME)";
				SWIFT_VERSION = 4.2;
				TARGETED_DEVICE_FAMILY = "1,2";
			};
			name = Debug;
		};
		9B16CF7A21AD053800CCD83F /* Release */ = {
			isa = XCBuildConfiguration;
			buildSettings = {
				ASSETCATALOG_COMPILER_APPICON_NAME = AppIcon;
				CODE_SIGN_STYLE = Automatic;
				DEVELOPMENT_TEAM = VG4FH43QKX;
				INFOPLIST_FILE = "First Project/Info.plist";
				LD_RUNPATH_SEARCH_PATHS = (
					"$(inherited)",
					"@executable_path/Frameworks",
				);
				PRODUCT_BUNDLE_IDENTIFIER = "com.leelelelellele.First-Project";
				PRODUCT_NAME = "$(TARGET_NAME)";
				SWIFT_VERSION = 4.2;
				TARGETED_DEVICE_FAMILY = "1,2";
			};
			name = Release;
		};
		9B16CF7C21AD053800CCD83F /* Debug */ = {
			isa = XCBuildConfiguration;
			buildSettings = {
				ALWAYS_EMBED_SWIFT_STANDARD_LIBRARIES = YES;
				BUNDLE_LOADER = "$(TEST_HOST)";
				CODE_SIGN_STYLE = Automatic;
				DEVELOPMENT_TEAM = VG4FH43QKX;
				INFOPLIST_FILE = "First ProjectTests/Info.plist";
				LD_RUNPATH_SEARCH_PATHS = (
					"$(inherited)",
					"@executable_path/Frameworks",
					"@loader_path/Frameworks",
				);
				PRODUCT_BUNDLE_IDENTIFIER = "com.leelelelellele.First-ProjectTests";
				PRODUCT_NAME = "$(TARGET_NAME)";
				SWIFT_VERSION = 4.2;
				TARGETED_DEVICE_FAMILY = "1,2";
				TEST_HOST = "$(BUILT_PRODUCTS_DIR)/First Project.app/First Project";
			};
			name = Debug;
		};
		9B16CF7D21AD053800CCD83F /* Release */ = {
			isa = XCBuildConfiguration;
			buildSettings = {
				ALWAYS_EMBED_SWIFT_STANDARD_LIBRARIES = YES;
				BUNDLE_LOADER = "$(TEST_HOST)";
				CODE_SIGN_STYLE = Automatic;
				DEVELOPMENT_TEAM = VG4FH43QKX;
				INFOPLIST_FILE = "First ProjectTests/Info.plist";
				LD_RUNPATH_SEARCH_PATHS = (
					"$(inherited)",
					"@executable_path/Frameworks",
					"@loader_path/Frameworks",
				);
				PRODUCT_BUNDLE_IDENTIFIER = "com.leelelelellele.First-ProjectTests";
				PRODUCT_NAME = "$(TARGET_NAME)";
				SWIFT_VERSION = 4.2;
				TARGETED_DEVICE_FAMILY = "1,2";
				TEST_HOST = "$(BUILT_PRODUCTS_DIR)/First Project.app/First Project";
			};
			name = Release;
		};
		9B16CF7F21AD053800CCD83F /* Debug */ = {
			isa = XCBuildConfiguration;
			buildSettings = {
				ALWAYS_EMBED_SWIFT_STANDARD_LIBRARIES = YES;
				CODE_SIGN_STYLE = Automatic;
				DEVELOPMENT_TEAM = VG4FH43QKX;
				INFOPLIST_FILE = "First ProjectUITests/Info.plist";
				LD_RUNPATH_SEARCH_PATHS = (
					"$(inherited)",
					"@executable_path/Frameworks",
					"@loader_path/Frameworks",
				);
				PRODUCT_BUNDLE_IDENTIFIER = "com.leelelelellele.First-ProjectUITests";
				PRODUCT_NAME = "$(TARGET_NAME)";
				SWIFT_VERSION = 4.2;
				TARGETED_DEVICE_FAMILY = "1,2";
				TEST_TARGET_NAME = "First Project";
			};
			name = Debug;
		};
		9B16CF8021AD053800CCD83F /* Release */ = {
			isa = XCBuildConfiguration;
			buildSettings = {
				ALWAYS_EMBED_SWIFT_STANDARD_LIBRARIES = YES;
				CODE_SIGN_STYLE = Automatic;
				DEVELOPMENT_TEAM = VG4FH43QKX;
				INFOPLIST_FILE = "First ProjectUITests/Info.plist";
				LD_RUNPATH_SEARCH_PATHS = (
					"$(inherited)",
					"@executable_path/Frameworks",
					"@loader_path/Frameworks",
				);
				PRODUCT_BUNDLE_IDENTIFIER = "com.leelelelellele.First-ProjectUITests";
				PRODUCT_NAME = "$(TARGET_NAME)";
				SWIFT_VERSION = 4.2;
				TARGETED_DEVICE_FAMILY = "1,2";
				TEST_TARGET_NAME = "First Project";
			};
			name = Release;
		};
/* End XCBuildConfiguration section */

/* Begin XCConfigurationList section */
		9B16CF4B21AD053300CCD83F /* Build configuration list for PBXProject "First Project" */ = {
			isa = XCConfigurationList;
			buildConfigurations = (
				9B16CF7621AD053800CCD83F /* Debug */,
				9B16CF7721AD053800CCD83F /* Release */,
			);
			defaultConfigurationIsVisible = 0;
			defaultConfigurationName = Release;
		};
		9B16CF7821AD053800CCD83F /* Build configuration list for PBXNativeTarget "First Project" */ = {
			isa = XCConfigurationList;
			buildConfigurations = (
				9B16CF7921AD053800CCD83F /* Debug */,
				9B16CF7A21AD053800CCD83F /* Release */,
			);
			defaultConfigurationIsVisible = 0;
			defaultConfigurationName = Release;
		};
		9B16CF7B21AD053800CCD83F /* Build configuration list for PBXNativeTarget "First ProjectTests" */ = {
			isa = XCConfigurationList;
			buildConfigurations = (
				9B16CF7C21AD053800CCD83F /* Debug */,
				9B16CF7D21AD053800CCD83F /* Release */,
			);
			defaultConfigurationIsVisible = 0;
			defaultConfigurationName = Release;
		};
		9B16CF7E21AD053800CCD83F /* Build configuration list for PBXNativeTarget "First ProjectUITests" */ = {
			isa = XCConfigurationList;
			buildConfigurations = (
				9B16CF7F21AD053800CCD83F /* Debug */,
				9B16CF8021AD053800CCD83F /* Release */,
			);
			defaultConfigurationIsVisible = 0;
			defaultConfigurationName = Release;
		};
/* End XCConfigurationList section */
	};
	rootObject = 9B16CF4821AD053300CCD83F /* Project object */;
}
